# THIS IS AN AUTOGENERATED FILE. DO NOT EDIT THIS FILE DIRECTLY.
# yarn lockfile v1


mobx@^6.1.7:
  version "6.1.7"
  resolved "https://registry.yarnpkg.com/mobx/-/mobx-6.1.7.tgz#009c65f6909ee89ab42dd4b058577739f0d899df"
  integrity sha512-2iIgg2o0jd/bWAK/9KHJ1uwKHGowKyaTUM4qarJ0qGdLskYcB3sJevjjV7t7jW0WVjItz6BBlPNiZ14oHTpvMg==
